
Microsoft Visual Studio Solution File, Format Version 12.00
# Visual Studio Version 17
VisualStudioVersion = 17.5.33516.290
MinimumVisualStudioVersion = 10.0.40219.1
Project("{FAE04EC0-301F-11D3-BF4B-00C04F79EFBC}") = "PZ_5", "PZ_5\PZ_5.csproj", "{5DD40835-2BB2-428E-9F44-11D162F5A449}"
EndProject
Global
	GlobalSection(SolutionConfigurationPlatforms) = preSolution
		Debug|Any CPU = Debug|Any CPU
		Release|Any CPU = Release|Any CPU
	EndGlobalSection
	GlobalSection(ProjectConfigurationPlatforms) = postSolution
		{5DD40835-2BB2-428E-9F44-11D162F5A449}.Debug|Any CPU.ActiveCfg = Debug|Any CPU
		{5DD40835-2BB2-428E-9F44-11D162F5A449}.Debug|Any CPU.Build.0 = Debug|Any CPU
		{5DD40835-2BB2-428E-9F44-11D162F5A449}.Release|Any CPU.ActiveCfg = Release|Any CPU
		{5DD40835-2BB2-428E-9F44-11D162F5A449}.Release|Any CPU.Build.0 = Release|Any CPU
	EndGlobalSection
	GlobalSection(SolutionProperties) = preSolution
		HideSolutionNode = FALSE
	EndGlobalSection
	GlobalSection(ExtensibilityGlobals) = postSolution
		SolutionGuid = {0848CEA6-D153-4FE4-B403-840AF05AD50A}
	EndGlobalSection
EndGlobal
